// !$*UTF8*$!
{
	archiveVersion = 1;
	classes = {
	};
	objectVersion = 46;
	objects = {

/* Begin PBXBuildFile section */
		9033B9B414C1ADED00551445 /* ZETPrefsController.xib in Resources */ = {isa = PBXBuildFile; fileRef = 9033B9B314C1ADED00551445 /* ZETPrefsController.xib */; };
		9033B9C114C1AFB600551445 /* SRCommon.m in Sources */ = {isa = PBXBuildFile; fileRef = 9033B9B814C1AFB600551445 /* SRCommon.m */; };
		9033B9C214C1AFB600551445 /* SRKeyCodeTransformer.m in Sources */ = {isa = PBXBuildFile; fileRef = 9033B9BA14C1AFB600551445 /* SRKeyCodeTransformer.m */; };
		9033B9C314C1AFB600551445 /* SRRecorderCell.m in Sources */ = {isa = PBXBuildFile; fileRef = 9033B9BC14C1AFB600551445 /* SRRecorderCell.m */; };
		9033B9C414C1AFB600551445 /* SRRecorderControl.m in Sources */ = {isa = PBXBuildFile; fileRef = 9033B9BE14C1AFB600551445 /* SRRecorderControl.m */; };
		9033B9C514C1AFB600551445 /* SRValidator.m in Sources */ = {isa = PBXBuildFile; fileRef = 9033B9C014C1AFB600551445 /* SRValidator.m */; };
		9033B9C814C1B11300551445 /* ZETPrefsController.m in Sources */ = {isa = PBXBuildFile; fileRef = 9033B9C714C1B11300551445 /* ZETPrefsController.m */; };
		9068FE4C14D31ADD0089EF06 /* LaunchAtLoginController.m in Sources */ = {isa = PBXBuildFile; fileRef = 9068FE4A14D31ADD0089EF06 /* LaunchAtLoginController.m */; };
		9068FE4D14D31ADD0089EF06 /* README.md in Resources */ = {isa = PBXBuildFile; fileRef = 9068FE4B14D31ADD0089EF06 /* README.md */; };
		90EA691E14AF8AFC00547F20 /* Cocoa.framework in Frameworks */ = {isa = PBXBuildFile; fileRef = 90EA691D14AF8AFC00547F20 /* Cocoa.framework */; };
		90EA692814AF8AFC00547F20 /* InfoPlist.strings in Resources */ = {isa = PBXBuildFile; fileRef = 90EA692614AF8AFC00547F20 /* InfoPlist.strings */; };
		90EA692A14AF8AFC00547F20 /* main.m in Sources */ = {isa = PBXBuildFile; fileRef = 90EA692914AF8AFC00547F20 /* main.m */; };
		90EA692E14AF8AFC00547F20 /* Credits.rtf in Resources */ = {isa = PBXBuildFile; fileRef = 90EA692C14AF8AFC00547F20 /* Credits.rtf */; };
		90EA693114AF8AFC00547F20 /* ZETAppDelegate.m in Sources */ = {isa = PBXBuildFile; fileRef = 90EA693014AF8AFC00547F20 /* ZETAppDelegate.m */; };
		90EA693414AF8AFC00547F20 /* MainMenu.xib in Resources */ = {isa = PBXBuildFile; fileRef = 90EA693214AF8AFC00547F20 /* MainMenu.xib */; };
		90EA693C14AF8AFC00547F20 /* SenTestingKit.framework in Frameworks */ = {isa = PBXBuildFile; fileRef = 90EA693B14AF8AFC00547F20 /* SenTestingKit.framework */; };
		90EA693D14AF8AFC00547F20 /* Cocoa.framework in Frameworks */ = {isa = PBXBuildFile; fileRef = 90EA691D14AF8AFC00547F20 /* Cocoa.framework */; };
		90EA694514AF8AFC00547F20 /* InfoPlist.strings in Resources */ = {isa = PBXBuildFile; fileRef = 90EA694314AF8AFC00547F20 /* InfoPlist.strings */; };
		90EA694814AF8AFC00547F20 /* totpykTests.m in Sources */ = {isa = PBXBuildFile; fileRef = 90EA694714AF8AFC00547F20 /* totpykTests.m */; };
		90EA695414AF8B6700547F20 /* ZETMenuController.m in Sources */ = {isa = PBXBuildFile; fileRef = 90EA695214AF8B6700547F20 /* ZETMenuController.m */; };
		90EA695514AF8B6700547F20 /* ZETMenuController.xib in Resources */ = {isa = PBXBuildFile; fileRef = 90EA695314AF8B6700547F20 /* ZETMenuController.xib */; };
		90EA695814AF8C0700547F20 /* MenuHighlighted.png in Resources */ = {isa = PBXBuildFile; fileRef = 90EA695614AF8C0700547F20 /* MenuHighlighted.png */; };
		90EA695914AF8C0700547F20 /* Menu.png in Resources */ = {isa = PBXBuildFile; fileRef = 90EA695714AF8C0700547F20 /* Menu.png */; };
		90EA696314AFEA9A00547F20 /* Carbon.framework in Frameworks */ = {isa = PBXBuildFile; fileRef = 90EA696214AFEA9A00547F20 /* Carbon.framework */; };
		90EA696D14AFF0DA00547F20 /* SGHotKey.m in Sources */ = {isa = PBXBuildFile; fileRef = 90EA696614AFF0DA00547F20 /* SGHotKey.m */; };
		90EA696E14AFF0DA00547F20 /* SGHotKeyCenter.m in Sources */ = {isa = PBXBuildFile; fileRef = 90EA696814AFF0DA00547F20 /* SGHotKeyCenter.m */; };
		90EA696F14AFF0DA00547F20 /* SGKeyCodeTranslator.m in Sources */ = {isa = PBXBuildFile; fileRef = 90EA696A14AFF0DA00547F20 /* SGKeyCodeTranslator.m */; };
		90EA697014AFF0DA00547F20 /* SGKeyCombo.m in Sources */ = {isa = PBXBuildFile; fileRef = 90EA696C14AFF0DA00547F20 /* SGKeyCombo.m */; };
		90EA697714B00BDC00547F20 /* ykpers.c in Sources */ = {isa = PBXBuildFile; fileRef = 90EA697414B00BDC00547F20 /* ykpers.c */; };
		90EA697814B00BDC00547F20 /* ykpbkdf2.c in Sources */ = {isa = PBXBuildFile; fileRef = 90EA697614B00BDC00547F20 /* ykpbkdf2.c */; };
		90EA697E14B00C0B00547F20 /* ykstatus.c in Sources */ = {isa = PBXBuildFile; fileRef = 90EA697A14B00C0B00547F20 /* ykstatus.c */; };
		90EA697F14B00C0B00547F20 /* ykcore.c in Sources */ = {isa = PBXBuildFile; fileRef = 90EA697C14B00C0B00547F20 /* ykcore.c */; };
		90EA698014B00C0B00547F20 /* ykcore_osx.c in Sources */ = {isa = PBXBuildFile; fileRef = 90EA697D14B00C0B00547F20 /* ykcore_osx.c */; };
		90EA698914B00CA700547F20 /* usha.c in Sources */ = {isa = PBXBuildFile; fileRef = 90EA698214B00CA700547F20 /* usha.c */; };
		90EA698A14B00CA700547F20 /* sha384-512.c in Sources */ = {isa = PBXBuildFile; fileRef = 90EA698314B00CA700547F20 /* sha384-512.c */; };
		90EA698B14B00CA700547F20 /* sha224-256.c in Sources */ = {isa = PBXBuildFile; fileRef = 90EA698414B00CA700547F20 /* sha224-256.c */; };
		90EA698C14B00CA700547F20 /* sha1.c in Sources */ = {isa = PBXBuildFile; fileRef = 90EA698514B00CA700547F20 /* sha1.c */; };
		90EA698D14B00CA700547F20 /* hmac.c in Sources */ = {isa = PBXBuildFile; fileRef = 90EA698814B00CA700547F20 /* hmac.c */; };
		90EA698F14B00DF900547F20 /* libyubikey.a in Frameworks */ = {isa = PBXBuildFile; fileRef = 90EA698E14B00DF900547F20 /* libyubikey.a */; };
		90EA699114B00E3000547F20 /* IOKit.framework in Frameworks */ = {isa = PBXBuildFile; fileRef = 90EA699014B00E3000547F20 /* IOKit.framework */; };
		90EA699314B00E3E00547F20 /* CoreFoundation.framework in Frameworks */ = {isa = PBXBuildFile; fileRef = 90EA699214B00E3E00547F20 /* CoreFoundation.framework */; };
		90EA699714B0130A00547F20 /* totp.c in Sources */ = {isa = PBXBuildFile; fileRef = 90EA699514B0130A00547F20 /* totp.c */; };
		90EA699A14B0170800547F20 /* ZETYkTOTP.m in Sources */ = {isa = PBXBuildFile; fileRef = 90EA699914B0170600547F20 /* ZETYkTOTP.m */; };
		90F668B614D493F000EA9D34 /* ZETYkKey.m in Sources */ = {isa = PBXBuildFile; fileRef = 90F668B514D493F000EA9D34 /* ZETYkKey.m */; };
		90F668BB14D4A78500EA9D34 /* NSData+Hex.m in Sources */ = {isa = PBXBuildFile; fileRef = 90F668BA14D4A78400EA9D34 /* NSData+Hex.m */; };
/* End PBXBuildFile section */

/* Begin PBXContainerItemProxy section */
		90EA693E14AF8AFC00547F20 /* PBXContainerItemProxy */ = {
			isa = PBXContainerItemProxy;
			containerPortal = 90EA691014AF8AFC00547F20 /* Project object */;
			proxyType = 1;
			remoteGlobalIDString = 90EA691814AF8AFC00547F20;
			remoteInfo = totpyk;
		};
/* End PBXContainerItemProxy section */

/* Begin PBXFileReference section */
		9033B9B314C1ADED00551445 /* ZETPrefsController.xib */ = {isa = PBXFileReference; fileEncoding = 4; lastKnownFileType = file.xib; path = ZETPrefsController.xib; sourceTree = "<group>"; };
		9033B9B714C1AFB600551445 /* SRCommon.h */ = {isa = PBXFileReference; fileEncoding = 4; lastKnownFileType = sourcecode.c.h; path = SRCommon.h; sourceTree = "<group>"; };
		9033B9B814C1AFB600551445 /* SRCommon.m */ = {isa = PBXFileReference; fileEncoding = 4; lastKnownFileType = sourcecode.c.objc; path = SRCommon.m; sourceTree = "<group>"; };
		9033B9B914C1AFB600551445 /* SRKeyCodeTransformer.h */ = {isa = PBXFileReference; fileEncoding = 4; lastKnownFileType = sourcecode.c.h; path = SRKeyCodeTransformer.h; sourceTree = "<group>"; };
		9033B9BA14C1AFB600551445 /* SRKeyCodeTransformer.m */ = {isa = PBXFileReference; fileEncoding = 4; lastKnownFileType = sourcecode.c.objc; path = SRKeyCodeTransformer.m; sourceTree = "<group>"; };
		9033B9BB14C1AFB600551445 /* SRRecorderCell.h */ = {isa = PBXFileReference; fileEncoding = 4; lastKnownFileType = sourcecode.c.h; path = SRRecorderCell.h; sourceTree = "<group>"; };
		9033B9BC14C1AFB600551445 /* SRRecorderCell.m */ = {isa = PBXFileReference; fileEncoding = 4; lastKnownFileType = sourcecode.c.objc; path = SRRecorderCell.m; sourceTree = "<group>"; };
		9033B9BD14C1AFB600551445 /* SRRecorderControl.h */ = {isa = PBXFileReference; fileEncoding = 4; lastKnownFileType = sourcecode.c.h; path = SRRecorderControl.h; sourceTree = "<group>"; };
		9033B9BE14C1AFB600551445 /* SRRecorderControl.m */ = {isa = PBXFileReference; fileEncoding = 4; lastKnownFileType = sourcecode.c.objc; path = SRRecorderControl.m; sourceTree = "<group>"; };
		9033B9BF14C1AFB600551445 /* SRValidator.h */ = {isa = PBXFileReference; fileEncoding = 4; lastKnownFileType = sourcecode.c.h; path = SRValidator.h; sourceTree = "<group>"; };
		9033B9C014C1AFB600551445 /* SRValidator.m */ = {isa = PBXFileReference; fileEncoding = 4; lastKnownFileType = sourcecode.c.objc; path = SRValidator.m; sourceTree = "<group>"; };
		9033B9C614C1B11300551445 /* ZETPrefsController.h */ = {isa = PBXFileReference; fileEncoding = 4; lastKnownFileType = sourcecode.c.h; path = ZETPrefsController.h; sourceTree = "<group>"; };
		9033B9C714C1B11300551445 /* ZETPrefsController.m */ = {isa = PBXFileReference; fileEncoding = 4; lastKnownFileType = sourcecode.c.objc; path = ZETPrefsController.m; sourceTree = "<group>"; };
		9068FE4914D31ADD0089EF06 /* LaunchAtLoginController.h */ = {isa = PBXFileReference; fileEncoding = 4; lastKnownFileType = sourcecode.c.h; path = LaunchAtLoginController.h; sourceTree = "<group>"; };
		9068FE4A14D31ADD0089EF06 /* LaunchAtLoginController.m */ = {isa = PBXFileReference; fileEncoding = 4; lastKnownFileType = sourcecode.c.objc; path = LaunchAtLoginController.m; sourceTree = "<group>"; };
		9068FE4B14D31ADD0089EF06 /* README.md */ = {isa = PBXFileReference; fileEncoding = 4; lastKnownFileType = text; path = README.md; sourceTree = "<group>"; };
		90EA691914AF8AFC00547F20 /* totpyk.app */ = {isa = PBXFileReference; explicitFileType = wrapper.application; includeInIndex = 0; path = totpyk.app; sourceTree = BUILT_PRODUCTS_DIR; };
		90EA691D14AF8AFC00547F20 /* Cocoa.framework */ = {isa = PBXFileReference; lastKnownFileType = wrapper.framework; name = Cocoa.framework; path = System/Library/Frameworks/Cocoa.framework; sourceTree = SDKROOT; };
		90EA692014AF8AFC00547F20 /* AppKit.framework */ = {isa = PBXFileReference; lastKnownFileType = wrapper.framework; name = AppKit.framework; path = System/Library/Frameworks/AppKit.framework; sourceTree = SDKROOT; };
		90EA692114AF8AFC00547F20 /* CoreData.framework */ = {isa = PBXFileReference; lastKnownFileType = wrapper.framework; name = CoreData.framework; path = System/Library/Frameworks/CoreData.framework; sourceTree = SDKROOT; };
		90EA692214AF8AFC00547F20 /* Foundation.framework */ = {isa = PBXFileReference; lastKnownFileType = wrapper.framework; name = Foundation.framework; path = System/Library/Frameworks/Foundation.framework; sourceTree = SDKROOT; };
		90EA692514AF8AFC00547F20 /* totpyk-Info.plist */ = {isa = PBXFileReference; lastKnownFileType = text.plist.xml; path = "totpyk-Info.plist"; sourceTree = "<group>"; };
		90EA692714AF8AFC00547F20 /* en */ = {isa = PBXFileReference; lastKnownFileType = text.plist.strings; name = en; path = en.lproj/InfoPlist.strings; sourceTree = "<group>"; };
		90EA692914AF8AFC00547F20 /* main.m */ = {isa = PBXFileReference; lastKnownFileType = sourcecode.c.objc; path = main.m; sourceTree = "<group>"; };
		90EA692B14AF8AFC00547F20 /* totpyk-Prefix.pch */ = {isa = PBXFileReference; lastKnownFileType = sourcecode.c.h; path = "totpyk-Prefix.pch"; sourceTree = "<group>"; };
		90EA692D14AF8AFC00547F20 /* en */ = {isa = PBXFileReference; lastKnownFileType = text.rtf; name = en; path = en.lproj/Credits.rtf; sourceTree = "<group>"; };
		90EA692F14AF8AFC00547F20 /* ZETAppDelegate.h */ = {isa = PBXFileReference; lastKnownFileType = sourcecode.c.h; path = ZETAppDelegate.h; sourceTree = "<group>"; };
		90EA693014AF8AFC00547F20 /* ZETAppDelegate.m */ = {isa = PBXFileReference; lastKnownFileType = sourcecode.c.objc; path = ZETAppDelegate.m; sourceTree = "<group>"; };
		90EA693314AF8AFC00547F20 /* en */ = {isa = PBXFileReference; lastKnownFileType = file.xib; name = en; path = en.lproj/MainMenu.xib; sourceTree = "<group>"; };
		90EA693A14AF8AFC00547F20 /* totpykTests.octest */ = {isa = PBXFileReference; explicitFileType = wrapper.cfbundle; includeInIndex = 0; path = totpykTests.octest; sourceTree = BUILT_PRODUCTS_DIR; };
		90EA693B14AF8AFC00547F20 /* SenTestingKit.framework */ = {isa = PBXFileReference; lastKnownFileType = wrapper.framework; name = SenTestingKit.framework; path = Library/Frameworks/SenTestingKit.framework; sourceTree = DEVELOPER_DIR; };
		90EA694214AF8AFC00547F20 /* totpykTests-Info.plist */ = {isa = PBXFileReference; lastKnownFileType = text.plist.xml; path = "totpykTests-Info.plist"; sourceTree = "<group>"; };
		90EA694414AF8AFC00547F20 /* en */ = {isa = PBXFileReference; lastKnownFileType = text.plist.strings; name = en; path = en.lproj/InfoPlist.strings; sourceTree = "<group>"; };
		90EA694614AF8AFC00547F20 /* totpykTests.h */ = {isa = PBXFileReference; lastKnownFileType = sourcecode.c.h; path = totpykTests.h; sourceTree = "<group>"; };
		90EA694714AF8AFC00547F20 /* totpykTests.m */ = {isa = PBXFileReference; lastKnownFileType = sourcecode.c.objc; path = totpykTests.m; sourceTree = "<group>"; };
		90EA695114AF8B6700547F20 /* ZETMenuController.h */ = {isa = PBXFileReference; fileEncoding = 4; lastKnownFileType = sourcecode.c.h; path = ZETMenuController.h; sourceTree = "<group>"; };
		90EA695214AF8B6700547F20 /* ZETMenuController.m */ = {isa = PBXFileReference; fileEncoding = 4; lastKnownFileType = sourcecode.c.objc; path = ZETMenuController.m; sourceTree = "<group>"; };
		90EA695314AF8B6700547F20 /* ZETMenuController.xib */ = {isa = PBXFileReference; fileEncoding = 4; lastKnownFileType = file.xib; path = ZETMenuController.xib; sourceTree = "<group>"; };
		90EA695614AF8C0700547F20 /* MenuHighlighted.png */ = {isa = PBXFileReference; lastKnownFileType = image.png; path = MenuHighlighted.png; sourceTree = "<group>"; };
		90EA695714AF8C0700547F20 /* Menu.png */ = {isa = PBXFileReference; lastKnownFileType = image.png; path = Menu.png; sourceTree = "<group>"; };
		90EA696214AFEA9A00547F20 /* Carbon.framework */ = {isa = PBXFileReference; lastKnownFileType = wrapper.framework; name = Carbon.framework; path = System/Library/Frameworks/Carbon.framework; sourceTree = SDKROOT; };
		90EA696514AFF0DA00547F20 /* SGHotKey.h */ = {isa = PBXFileReference; fileEncoding = 4; lastKnownFileType = sourcecode.c.h; path = SGHotKey.h; sourceTree = "<group>"; };
		90EA696614AFF0DA00547F20 /* SGHotKey.m */ = {isa = PBXFileReference; fileEncoding = 4; lastKnownFileType = sourcecode.c.objc; path = SGHotKey.m; sourceTree = "<group>"; };
		90EA696714AFF0DA00547F20 /* SGHotKeyCenter.h */ = {isa = PBXFileReference; fileEncoding = 4; lastKnownFileType = sourcecode.c.h; path = SGHotKeyCenter.h; sourceTree = "<group>"; };
		90EA696814AFF0DA00547F20 /* SGHotKeyCenter.m */ = {isa = PBXFileReference; fileEncoding = 4; lastKnownFileType = sourcecode.c.objc; path = SGHotKeyCenter.m; sourceTree = "<group>"; };
		90EA696914AFF0DA00547F20 /* SGKeyCodeTranslator.h */ = {isa = PBXFileReference; fileEncoding = 4; lastKnownFileType = sourcecode.c.h; path = SGKeyCodeTranslator.h; sourceTree = "<group>"; };
		90EA696A14AFF0DA00547F20 /* SGKeyCodeTranslator.m */ = {isa = PBXFileReference; fileEncoding = 4; lastKnownFileType = sourcecode.c.objc; path = SGKeyCodeTranslator.m; sourceTree = "<group>"; };
		90EA696B14AFF0DA00547F20 /* SGKeyCombo.h */ = {isa = PBXFileReference; fileEncoding = 4; lastKnownFileType = sourcecode.c.h; path = SGKeyCombo.h; sourceTree = "<group>"; };
		90EA696C14AFF0DA00547F20 /* SGKeyCombo.m */ = {isa = PBXFileReference; fileEncoding = 4; lastKnownFileType = sourcecode.c.objc; path = SGKeyCombo.m; sourceTree = "<group>"; };
		90EA697414B00BDC00547F20 /* ykpers.c */ = {isa = PBXFileReference; fileEncoding = 4; lastKnownFileType = sourcecode.c.c; path = ykpers.c; sourceTree = "<group>"; };
		90EA697614B00BDC00547F20 /* ykpbkdf2.c */ = {isa = PBXFileReference; fileEncoding = 4; lastKnownFileType = sourcecode.c.c; path = ykpbkdf2.c; sourceTree = "<group>"; };
		90EA697A14B00C0B00547F20 /* ykstatus.c */ = {isa = PBXFileReference; fileEncoding = 4; lastKnownFileType = sourcecode.c.c; name = ykstatus.c; path = ykcore/ykstatus.c; sourceTree = "<group>"; };
		90EA697C14B00C0B00547F20 /* ykcore.c */ = {isa = PBXFileReference; fileEncoding = 4; lastKnownFileType = sourcecode.c.c; name = ykcore.c; path = ykcore/ykcore.c; sourceTree = "<group>"; };
		90EA697D14B00C0B00547F20 /* ykcore_osx.c */ = {isa = PBXFileReference; fileEncoding = 4; lastKnownFileType = sourcecode.c.c; name = ykcore_osx.c; path = ykcore/ykcore_osx.c; sourceTree = "<group>"; };
		90EA698214B00CA700547F20 /* usha.c */ = {isa = PBXFileReference; fileEncoding = 4; lastKnownFileType = sourcecode.c.c; name = usha.c; path = rfc4634/usha.c; sourceTree = "<group>"; };
		90EA698314B00CA700547F20 /* sha384-512.c */ = {isa = PBXFileReference; fileEncoding = 4; lastKnownFileType = sourcecode.c.c; name = "sha384-512.c"; path = "rfc4634/sha384-512.c"; sourceTree = "<group>"; };
		90EA698414B00CA700547F20 /* sha224-256.c */ = {isa = PBXFileReference; fileEncoding = 4; lastKnownFileType = sourcecode.c.c; name = "sha224-256.c"; path = "rfc4634/sha224-256.c"; sourceTree = "<group>"; };
		90EA698514B00CA700547F20 /* sha1.c */ = {isa = PBXFileReference; fileEncoding = 4; lastKnownFileType = sourcecode.c.c; name = sha1.c; path = rfc4634/sha1.c; sourceTree = "<group>"; };
		90EA698814B00CA700547F20 /* hmac.c */ = {isa = PBXFileReference; fileEncoding = 4; lastKnownFileType = sourcecode.c.c; name = hmac.c; path = rfc4634/hmac.c; sourceTree = "<group>"; };
		90EA698E14B00DF900547F20 /* libyubikey.a */ = {isa = PBXFileReference; lastKnownFileType = archive.ar; name = libyubikey.a; path = ../libyubikey.a; sourceTree = "<group>"; };
		90EA699014B00E3000547F20 /* IOKit.framework */ = {isa = PBXFileReference; lastKnownFileType = wrapper.framework; name = IOKit.framework; path = System/Library/Frameworks/IOKit.framework; sourceTree = SDKROOT; };
		90EA699214B00E3E00547F20 /* CoreFoundation.framework */ = {isa = PBXFileReference; lastKnownFileType = wrapper.framework; name = CoreFoundation.framework; path = System/Library/Frameworks/CoreFoundation.framework; sourceTree = SDKROOT; };
		90EA699514B0130A00547F20 /* totp.c */ = {isa = PBXFileReference; fileEncoding = 4; lastKnownFileType = sourcecode.c.c; path = totp.c; sourceTree = "<group>"; };
		90EA699614B0130A00547F20 /* totp.h */ = {isa = PBXFileReference; fileEncoding = 4; lastKnownFileType = sourcecode.c.h; path = totp.h; sourceTree = "<group>"; };
		90EA699814B0170500547F20 /* ZETYkTOTP.h */ = {isa = PBXFileReference; fileEncoding = 4; lastKnownFileType = sourcecode.c.h; path = ZETYkTOTP.h; sourceTree = "<group>"; };
		90EA699914B0170600547F20 /* ZETYkTOTP.m */ = {isa = PBXFileReference; fileEncoding = 4; lastKnownFileType = sourcecode.c.objc; path = ZETYkTOTP.m; sourceTree = "<group>"; };
		90F668B414D493F000EA9D34 /* ZETYkKey.h */ = {isa = PBXFileReference; fileEncoding = 4; lastKnownFileType = sourcecode.c.h; path = ZETYkKey.h; sourceTree = "<group>"; };
		90F668B514D493F000EA9D34 /* ZETYkKey.m */ = {isa = PBXFileReference; fileEncoding = 4; lastKnownFileType = sourcecode.c.objc; path = ZETYkKey.m; sourceTree = "<group>"; };
		90F668B914D4A78400EA9D34 /* NSData+Hex.h */ = {isa = PBXFileReference; fileEncoding = 4; path = "NSData+Hex.h"; sourceTree = "<group>"; };
		90F668BA14D4A78400EA9D34 /* NSData+Hex.m */ = {isa = PBXFileReference; fileEncoding = 4; lastKnownFileType = sourcecode.c.objc; path = "NSData+Hex.m"; sourceTree = "<group>"; };
/* End PBXFileReference section */

/* Begin PBXFrameworksBuildPhase section */
		90EA691614AF8AFC00547F20 /* Frameworks */ = {
			isa = PBXFrameworksBuildPhase;
			buildActionMask = 2147483647;
			files = (
				90EA699314B00E3E00547F20 /* CoreFoundation.framework in Frameworks */,
				90EA699114B00E3000547F20 /* IOKit.framework in Frameworks */,
				90EA698F14B00DF900547F20 /* libyubikey.a in Frameworks */,
				90EA696314AFEA9A00547F20 /* Carbon.framework in Frameworks */,
				90EA691E14AF8AFC00547F20 /* Cocoa.framework in Frameworks */,
			);
			runOnlyForDeploymentPostprocessing = 0;
		};
		90EA693614AF8AFC00547F20 /* Frameworks */ = {
			isa = PBXFrameworksBuildPhase;
			buildActionMask = 2147483647;
			files = (
				90EA693C14AF8AFC00547F20 /* SenTestingKit.framework in Frameworks */,
				90EA693D14AF8AFC00547F20 /* Cocoa.framework in Frameworks */,
			);
			runOnlyForDeploymentPostprocessing = 0;
		};
/* End PBXFrameworksBuildPhase section */

/* Begin PBXGroup section */
		9033B9B514C1AF7600551445 /* ShortcutRecorder */ = {
			isa = PBXGroup;
			children = (
				9033B9B614C1AFB600551445 /* Source */,
			);
			path = ShortcutRecorder;
			sourceTree = SOURCE_ROOT;
		};
		9033B9B614C1AFB600551445 /* Source */ = {
			isa = PBXGroup;
			children = (
				9033B9B714C1AFB600551445 /* SRCommon.h */,
				9033B9B814C1AFB600551445 /* SRCommon.m */,
				9033B9B914C1AFB600551445 /* SRKeyCodeTransformer.h */,
				9033B9BA14C1AFB600551445 /* SRKeyCodeTransformer.m */,
				9033B9BB14C1AFB600551445 /* SRRecorderCell.h */,
				9033B9BC14C1AFB600551445 /* SRRecorderCell.m */,
				9033B9BD14C1AFB600551445 /* SRRecorderControl.h */,
				9033B9BE14C1AFB600551445 /* SRRecorderControl.m */,
				9033B9BF14C1AFB600551445 /* SRValidator.h */,
				9033B9C014C1AFB600551445 /* SRValidator.m */,
			);
			name = Source;
			path = ShortcutRecorder/Source;
			sourceTree = SOURCE_ROOT;
		};
		9068FE4814D31ADD0089EF06 /* LaunchAtLoginController */ = {
			isa = PBXGroup;
			children = (
				9068FE4914D31ADD0089EF06 /* LaunchAtLoginController.h */,
				9068FE4A14D31ADD0089EF06 /* LaunchAtLoginController.m */,
				9068FE4B14D31ADD0089EF06 /* README.md */,
			);
			path = LaunchAtLoginController;
			sourceTree = SOURCE_ROOT;
		};
		90EA690E14AF8AFC00547F20 = {
			isa = PBXGroup;
			children = (
				90EA699214B00E3E00547F20 /* CoreFoundation.framework */,
				90EA699014B00E3000547F20 /* IOKit.framework */,
				90EA698E14B00DF900547F20 /* libyubikey.a */,
				9068FE4814D31ADD0089EF06 /* LaunchAtLoginController */,
				90EA699414B012C800547F20 /* totp */,
				90EA696414AFF0DA00547F20 /* SGHotKeysLib */,
				90EA697114B00B3700547F20 /* yubikey-personalization */,
				9033B9B514C1AF7600551445 /* ShortcutRecorder */,
				90EA692314AF8AFC00547F20 /* totpyk */,
				90EA694014AF8AFC00547F20 /* totpykTests */,
				90EA691C14AF8AFC00547F20 /* Frameworks */,
				90EA691A14AF8AFC00547F20 /* Products */,
			);
			sourceTree = "<group>";
		};
		90EA691A14AF8AFC00547F20 /* Products */ = {
			isa = PBXGroup;
			children = (
				90EA691914AF8AFC00547F20 /* totpyk.app */,
				90EA693A14AF8AFC00547F20 /* totpykTests.octest */,
			);
			name = Products;
			sourceTree = "<group>";
		};
		90EA691C14AF8AFC00547F20 /* Frameworks */ = {
			isa = PBXGroup;
			children = (
				90EA696214AFEA9A00547F20 /* Carbon.framework */,
				90EA691D14AF8AFC00547F20 /* Cocoa.framework */,
				90EA693B14AF8AFC00547F20 /* SenTestingKit.framework */,
				90EA691F14AF8AFC00547F20 /* Other Frameworks */,
			);
			name = Frameworks;
			sourceTree = "<group>";
		};
		90EA691F14AF8AFC00547F20 /* Other Frameworks */ = {
			isa = PBXGroup;
			children = (
				90EA692014AF8AFC00547F20 /* AppKit.framework */,
				90EA692114AF8AFC00547F20 /* CoreData.framework */,
				90EA692214AF8AFC00547F20 /* Foundation.framework */,
			);
			name = "Other Frameworks";
			sourceTree = "<group>";
		};
		90EA692314AF8AFC00547F20 /* totpyk */ = {
			isa = PBXGroup;
			children = (
				90EA693214AF8AFC00547F20 /* MainMenu.xib */,
				90EA692414AF8AFC00547F20 /* Supporting Files */,
				90EA692F14AF8AFC00547F20 /* ZETAppDelegate.h */,
				90EA693014AF8AFC00547F20 /* ZETAppDelegate.m */,
				90EA695114AF8B6700547F20 /* ZETMenuController.h */,
				90EA695214AF8B6700547F20 /* ZETMenuController.m */,
				90EA695314AF8B6700547F20 /* ZETMenuController.xib */,
				90EA699814B0170500547F20 /* ZETYkTOTP.h */,
				90EA699914B0170600547F20 /* ZETYkTOTP.m */,
				9033B9B314C1ADED00551445 /* ZETPrefsController.xib */,
				9033B9C614C1B11300551445 /* ZETPrefsController.h */,
				9033B9C714C1B11300551445 /* ZETPrefsController.m */,
				90F668B414D493F000EA9D34 /* ZETYkKey.h */,
				90F668B514D493F000EA9D34 /* ZETYkKey.m */,
				90F668B914D4A78400EA9D34 /* NSData+Hex.h */,
				90F668BA14D4A78400EA9D34 /* NSData+Hex.m */,
			);
			path = totpyk;
			sourceTree = "<group>";
		};
		90EA692414AF8AFC00547F20 /* Supporting Files */ = {
			isa = PBXGroup;
			children = (
				90EA695614AF8C0700547F20 /* MenuHighlighted.png */,
				90EA695714AF8C0700547F20 /* Menu.png */,
				90EA692514AF8AFC00547F20 /* totpyk-Info.plist */,
				90EA692614AF8AFC00547F20 /* InfoPlist.strings */,
				90EA692914AF8AFC00547F20 /* main.m */,
				90EA692B14AF8AFC00547F20 /* totpyk-Prefix.pch */,
				90EA692C14AF8AFC00547F20 /* Credits.rtf */,
			);
			name = "Supporting Files";
			sourceTree = "<group>";
		};
		90EA694014AF8AFC00547F20 /* totpykTests */ = {
			isa = PBXGroup;
			children = (
				90EA694614AF8AFC00547F20 /* totpykTests.h */,
				90EA694714AF8AFC00547F20 /* totpykTests.m */,
				90EA694114AF8AFC00547F20 /* Supporting Files */,
			);
			path = totpykTests;
			sourceTree = "<group>";
		};
		90EA694114AF8AFC00547F20 /* Supporting Files */ = {
			isa = PBXGroup;
			children = (
				90EA694214AF8AFC00547F20 /* totpykTests-Info.plist */,
				90EA694314AF8AFC00547F20 /* InfoPlist.strings */,
			);
			name = "Supporting Files";
			sourceTree = "<group>";
		};
		90EA696414AFF0DA00547F20 /* SGHotKeysLib */ = {
			isa = PBXGroup;
			children = (
				90EA696514AFF0DA00547F20 /* SGHotKey.h */,
				90EA696614AFF0DA00547F20 /* SGHotKey.m */,
				90EA696714AFF0DA00547F20 /* SGHotKeyCenter.h */,
				90EA696814AFF0DA00547F20 /* SGHotKeyCenter.m */,
				90EA696914AFF0DA00547F20 /* SGKeyCodeTranslator.h */,
				90EA696A14AFF0DA00547F20 /* SGKeyCodeTranslator.m */,
				90EA696B14AFF0DA00547F20 /* SGKeyCombo.h */,
				90EA696C14AFF0DA00547F20 /* SGKeyCombo.m */,
			);
			name = SGHotKeysLib;
			path = SGHotKeysLib/SGHotKeysLib;
			sourceTree = SOURCE_ROOT;
		};
		90EA697114B00B3700547F20 /* yubikey-personalization */ = {
			isa = PBXGroup;
			children = (
				90EA698114B00C7800547F20 /* rfc4634 */,
				90EA697414B00BDC00547F20 /* ykpers.c */,
				90EA697614B00BDC00547F20 /* ykpbkdf2.c */,
				90EA697214B00B9900547F20 /* ykcore */,
			);
			name = "yubikey-personalization";
			path = "../yubikey-personalization";
			sourceTree = SOURCE_ROOT;
		};
		90EA697214B00B9900547F20 /* ykcore */ = {
			isa = PBXGroup;
			children = (
				90EA697A14B00C0B00547F20 /* ykstatus.c */,
				90EA697C14B00C0B00547F20 /* ykcore.c */,
				90EA697D14B00C0B00547F20 /* ykcore_osx.c */,
			);
			name = ykcore;
			sourceTree = "<group>";
		};
		90EA698114B00C7800547F20 /* rfc4634 */ = {
			isa = PBXGroup;
			children = (
				90EA698214B00CA700547F20 /* usha.c */,
				90EA698314B00CA700547F20 /* sha384-512.c */,
				90EA698414B00CA700547F20 /* sha224-256.c */,
				90EA698514B00CA700547F20 /* sha1.c */,
				90EA698814B00CA700547F20 /* hmac.c */,
			);
			name = rfc4634;
			sourceTree = "<group>";
		};
		90EA699414B012C800547F20 /* totp */ = {
			isa = PBXGroup;
			children = (
				90EA699514B0130A00547F20 /* totp.c */,
				90EA699614B0130A00547F20 /* totp.h */,
			);
			name = totp;
			path = ..;
			sourceTree = SOURCE_ROOT;
		};
/* End PBXGroup section */

/* Begin PBXNativeTarget section */
		90EA691814AF8AFC00547F20 /* totpyk */ = {
			isa = PBXNativeTarget;
			buildConfigurationList = 90EA694B14AF8AFC00547F20 /* Build configuration list for PBXNativeTarget "totpyk" */;
			buildPhases = (
				90EA691514AF8AFC00547F20 /* Sources */,
				90EA691614AF8AFC00547F20 /* Frameworks */,
				90EA691714AF8AFC00547F20 /* Resources */,
			);
			buildRules = (
			);
			dependencies = (
			);
			name = totpyk;
			productName = totpyk;
			productReference = 90EA691914AF8AFC00547F20 /* totpyk.app */;
			productType = "com.apple.product-type.application";
		};
		90EA693914AF8AFC00547F20 /* totpykTests */ = {
			isa = PBXNativeTarget;
			buildConfigurationList = 90EA694E14AF8AFC00547F20 /* Build configuration list for PBXNativeTarget "totpykTests" */;
			buildPhases = (
				90EA693514AF8AFC00547F20 /* Sources */,
				90EA693614AF8AFC00547F20 /* Frameworks */,
				90EA693714AF8AFC00547F20 /* Resources */,
				90EA693814AF8AFC00547F20 /* ShellScript */,
			);
			buildRules = (
			);
			dependencies = (
				90EA693F14AF8AFC00547F20 /* PBXTargetDependency */,
			);
			name = totpykTests;
			productName = totpykTests;
			productReference = 90EA693A14AF8AFC00547F20 /* totpykTests.octest */;
			productType = "com.apple.product-type.bundle";
		};
/* End PBXNativeTarget section */

/* Begin PBXProject section */
		90EA691014AF8AFC00547F20 /* Project object */ = {
			isa = PBXProject;
			attributes = {
				LastUpgradeCheck = 0420;
				ORGANIZATIONNAME = "Zetetic LLC";
			};
			buildConfigurationList = 90EA691314AF8AFC00547F20 /* Build configuration list for PBXProject "totpyk" */;
			compatibilityVersion = "Xcode 3.2";
			developmentRegion = English;
			hasScannedForEncodings = 0;
			knownRegions = (
				en,
			);
			mainGroup = 90EA690E14AF8AFC00547F20;
			productRefGroup = 90EA691A14AF8AFC00547F20 /* Products */;
			projectDirPath = "";
			projectRoot = "";
			targets = (
				90EA691814AF8AFC00547F20 /* totpyk */,
				90EA693914AF8AFC00547F20 /* totpykTests */,
			);
		};
/* End PBXProject section */

/* Begin PBXResourcesBuildPhase section */
		90EA691714AF8AFC00547F20 /* Resources */ = {
			isa = PBXResourcesBuildPhase;
			buildActionMask = 2147483647;
			files = (
				90EA692814AF8AFC00547F20 /* InfoPlist.strings in Resources */,
				90EA692E14AF8AFC00547F20 /* Credits.rtf in Resources */,
				90EA693414AF8AFC00547F20 /* MainMenu.xib in Resources */,
				90EA695514AF8B6700547F20 /* ZETMenuController.xib in Resources */,
				90EA695814AF8C0700547F20 /* MenuHighlighted.png in Resources */,
				90EA695914AF8C0700547F20 /* Menu.png in Resources */,
				9033B9B414C1ADED00551445 /* ZETPrefsController.xib in Resources */,
				9068FE4D14D31ADD0089EF06 /* README.md in Resources */,
			);
			runOnlyForDeploymentPostprocessing = 0;
		};
		90EA693714AF8AFC00547F20 /* Resources */ = {
			isa = PBXResourcesBuildPhase;
			buildActionMask = 2147483647;
			files = (
				90EA694514AF8AFC00547F20 /* InfoPlist.strings in Resources */,
			);
			runOnlyForDeploymentPostprocessing = 0;
		};
/* End PBXResourcesBuildPhase section */

/* Begin PBXShellScriptBuildPhase section */
		90EA693814AF8AFC00547F20 /* ShellScript */ = {
			isa = PBXShellScriptBuildPhase;
			buildActionMask = 2147483647;
			files = (
			);
			inputPaths = (
			);
			outputPaths = (
			);
			runOnlyForDeploymentPostprocessing = 0;
			shellPath = /bin/sh;
			shellScript = "# Run the unit tests in this test bundle.\n\"${SYSTEM_DEVELOPER_DIR}/Tools/RunUnitTests\"\n";
		};
/* End PBXShellScriptBuildPhase section */

/* Begin PBXSourcesBuildPhase section */
		90EA691514AF8AFC00547F20 /* Sources */ = {
			isa = PBXSourcesBuildPhase;
			buildActionMask = 2147483647;
			files = (
				90EA692A14AF8AFC00547F20 /* main.m in Sources */,
				90EA693114AF8AFC00547F20 /* ZETAppDelegate.m in Sources */,
				90EA695414AF8B6700547F20 /* ZETMenuController.m in Sources */,
				90EA696D14AFF0DA00547F20 /* SGHotKey.m in Sources */,
				90EA696E14AFF0DA00547F20 /* SGHotKeyCenter.m in Sources */,
				90EA696F14AFF0DA00547F20 /* SGKeyCodeTranslator.m in Sources */,
				90EA697014AFF0DA00547F20 /* SGKeyCombo.m in Sources */,
				90EA697714B00BDC00547F20 /* ykpers.c in Sources */,
				90EA697814B00BDC00547F20 /* ykpbkdf2.c in Sources */,
				90EA697E14B00C0B00547F20 /* ykstatus.c in Sources */,
				90EA697F14B00C0B00547F20 /* ykcore.c in Sources */,
				90EA698014B00C0B00547F20 /* ykcore_osx.c in Sources */,
				90EA698914B00CA700547F20 /* usha.c in Sources */,
				90EA698A14B00CA700547F20 /* sha384-512.c in Sources */,
				90EA698B14B00CA700547F20 /* sha224-256.c in Sources */,
				90EA698C14B00CA700547F20 /* sha1.c in Sources */,
				90EA698D14B00CA700547F20 /* hmac.c in Sources */,
				90EA699714B0130A00547F20 /* totp.c in Sources */,
				90EA699A14B0170800547F20 /* ZETYkTOTP.m in Sources */,
				9033B9C114C1AFB600551445 /* SRCommon.m in Sources */,
				9033B9C214C1AFB600551445 /* SRKeyCodeTransformer.m in Sources */,
				9033B9C314C1AFB600551445 /* SRRecorderCell.m in Sources */,
				9033B9C414C1AFB600551445 /* SRRecorderControl.m in Sources */,
				9033B9C514C1AFB600551445 /* SRValidator.m in Sources */,
				9033B9C814C1B11300551445 /* ZETPrefsController.m in Sources */,
				9068FE4C14D31ADD0089EF06 /* LaunchAtLoginController.m in Sources */,
				90F668B614D493F000EA9D34 /* ZETYkKey.m in Sources */,
				90F668BB14D4A78500EA9D34 /* NSData+Hex.m in Sources */,
			);
			runOnlyForDeploymentPostprocessing = 0;
		};
		90EA693514AF8AFC00547F20 /* Sources */ = {
			isa = PBXSourcesBuildPhase;
			buildActionMask = 2147483647;
			files = (
				90EA694814AF8AFC00547F20 /* totpykTests.m in Sources */,
			);
			runOnlyForDeploymentPostprocessing = 0;
		};
/* End PBXSourcesBuildPhase section */

/* Begin PBXTargetDependency section */
		90EA693F14AF8AFC00547F20 /* PBXTargetDependency */ = {
			isa = PBXTargetDependency;
			target = 90EA691814AF8AFC00547F20 /* totpyk */;
			targetProxy = 90EA693E14AF8AFC00547F20 /* PBXContainerItemProxy */;
		};
/* End PBXTargetDependency section */

/* Begin PBXVariantGroup section */
		90EA692614AF8AFC00547F20 /* InfoPlist.strings */ = {
			isa = PBXVariantGroup;
			children = (
				90EA692714AF8AFC00547F20 /* en */,
			);
			name = InfoPlist.strings;
			sourceTree = "<group>";
		};
		90EA692C14AF8AFC00547F20 /* Credits.rtf */ = {
			isa = PBXVariantGroup;
			children = (
				90EA692D14AF8AFC00547F20 /* en */,
			);
			name = Credits.rtf;
			sourceTree = "<group>";
		};
		90EA693214AF8AFC00547F20 /* MainMenu.xib */ = {
			isa = PBXVariantGroup;
			children = (
				90EA693314AF8AFC00547F20 /* en */,
			);
			name = MainMenu.xib;
			sourceTree = "<group>";
		};
		90EA694314AF8AFC00547F20 /* InfoPlist.strings */ = {
			isa = PBXVariantGroup;
			children = (
				90EA694414AF8AFC00547F20 /* en */,
			);
			name = InfoPlist.strings;
			sourceTree = "<group>";
		};
/* End PBXVariantGroup section */

/* Begin XCBuildConfiguration section */
		90EA694914AF8AFC00547F20 /* Debug */ = {
			isa = XCBuildConfiguration;
			buildSettings = {
				ALWAYS_SEARCH_USER_PATHS = NO;
				ARCHS = "$(ARCHS_STANDARD_64_BIT)";
				COPY_PHASE_STRIP = NO;
				GCC_C_LANGUAGE_STANDARD = gnu99;
				GCC_DYNAMIC_NO_PIC = NO;
				GCC_ENABLE_OBJC_EXCEPTIONS = YES;
				GCC_OPTIMIZATION_LEVEL = 0;
				GCC_PREPROCESSOR_DEFINITIONS = (
					"DEBUG=1",
					"$(inherited)",
				);
				GCC_SYMBOLS_PRIVATE_EXTERN = NO;
				GCC_VERSION = com.apple.compilers.llvm.clang.1_0;
				GCC_WARN_64_TO_32_BIT_CONVERSION = YES;
				GCC_WARN_ABOUT_MISSING_PROTOTYPES = YES;
				GCC_WARN_ABOUT_RETURN_TYPE = YES;
				GCC_WARN_UNUSED_VARIABLE = YES;
				HEADER_SEARCH_PATHS = (
					..,
					../SGHotKeysLib/SGHotKeysLib,
					"../yubikey-personalization",
					"../yubikey-personalization/ykcore",
					"../yubikey-personalization/rfc4634",
				);
				MACOSX_DEPLOYMENT_TARGET = 10.6;
				ONLY_ACTIVE_ARCH = YES;
				SDKROOT = macosx;
			};
			name = Debug;
		};
		90EA694A14AF8AFC00547F20 /* Release */ = {
			isa = XCBuildConfiguration;
			buildSettings = {
				ALWAYS_SEARCH_USER_PATHS = NO;
				ARCHS = "$(ARCHS_STANDARD_64_BIT)";
				COPY_PHASE_STRIP = YES;
				DEBUG_INFORMATION_FORMAT = "dwarf-with-dsym";
				GCC_C_LANGUAGE_STANDARD = gnu99;
				GCC_ENABLE_OBJC_EXCEPTIONS = YES;
				GCC_VERSION = com.apple.compilers.llvm.clang.1_0;
				GCC_WARN_64_TO_32_BIT_CONVERSION = YES;
				GCC_WARN_ABOUT_MISSING_PROTOTYPES = YES;
				GCC_WARN_ABOUT_RETURN_TYPE = YES;
				GCC_WARN_UNUSED_VARIABLE = YES;
				HEADER_SEARCH_PATHS = (
					..,
					../SGHotKeysLib/SGHotKeysLib,
					"../yubikey-personalization",
					"../yubikey-personalization/ykcore",
					"../yubikey-personalization/rfc4634",
				);
				MACOSX_DEPLOYMENT_TARGET = 10.6;
				SDKROOT = macosx;
			};
			name = Release;
		};
		90EA694C14AF8AFC00547F20 /* Debug */ = {
			isa = XCBuildConfiguration;
			buildSettings = {
				GCC_PRECOMPILE_PREFIX_HEADER = YES;
				GCC_PREFIX_HEADER = "totpyk/totpyk-Prefix.pch";
				INFOPLIST_FILE = "totpyk/totpyk-Info.plist";
				LIBRARY_SEARCH_PATHS = (
					"$(inherited)",
					"\"$(SRCROOT)/..\"",
				);
				PRODUCT_NAME = "$(TARGET_NAME)";
				WRAPPER_EXTENSION = app;
			};
			name = Debug;
		};
		90EA694D14AF8AFC00547F20 /* Release */ = {
			isa = XCBuildConfiguration;
			buildSettings = {
				GCC_PRECOMPILE_PREFIX_HEADER = YES;
				GCC_PREFIX_HEADER = "totpyk/totpyk-Prefix.pch";
				INFOPLIST_FILE = "totpyk/totpyk-Info.plist";
				LIBRARY_SEARCH_PATHS = (
					"$(inherited)",
					"\"$(SRCROOT)/..\"",
				);
				PRODUCT_NAME = "$(TARGET_NAME)";
				WRAPPER_EXTENSION = app;
			};
			name = Release;
		};
		90EA694F14AF8AFC00547F20 /* Debug */ = {
			isa = XCBuildConfiguration;
			buildSettings = {
				BUNDLE_LOADER = "$(BUILT_PRODUCTS_DIR)/totpyk.app/Contents/MacOS/totpyk";
				FRAMEWORK_SEARCH_PATHS = "$(DEVELOPER_LIBRARY_DIR)/Frameworks";
				GCC_PRECOMPILE_PREFIX_HEADER = YES;
				GCC_PREFIX_HEADER = "totpyk/totpyk-Prefix.pch";
				INFOPLIST_FILE = "totpykTests/totpykTests-Info.plist";
				PRODUCT_NAME = "$(TARGET_NAME)";
				TEST_HOST = "$(BUNDLE_LOADER)";
				WRAPPER_EXTENSION = octest;
			};
			name = Debug;
		};
		90EA695014AF8AFC00547F20 /* Release */ = {
			isa = XCBuildConfiguration;
			buildSettings = {
				BUNDLE_LOADER = "$(BUILT_PRODUCTS_DIR)/totpyk.app/Contents/MacOS/totpyk";
				FRAMEWORK_SEARCH_PATHS = "$(DEVELOPER_LIBRARY_DIR)/Frameworks";
				GCC_PRECOMPILE_PREFIX_HEADER = YES;
				GCC_PREFIX_HEADER = "totpyk/totpyk-Prefix.pch";
				INFOPLIST_FILE = "totpykTests/totpykTests-Info.plist";
				PRODUCT_NAME = "$(TARGET_NAME)";
				TEST_HOST = "$(BUNDLE_LOADER)";
				WRAPPER_EXTENSION = octest;
			};
			name = Release;
		};
/* End XCBuildConfiguration section */

/* Begin XCConfigurationList section */
		90EA691314AF8AFC00547F20 /* Build configuration list for PBXProject "totpyk" */ = {
			isa = XCConfigurationList;
			buildConfigurations = (
				90EA694914AF8AFC00547F20 /* Debug */,
				90EA694A14AF8AFC00547F20 /* Release */,
			);
			defaultConfigurationIsVisible = 0;
			defaultConfigurationName = Release;
		};
		90EA694B14AF8AFC00547F20 /* Build configuration list for PBXNativeTarget "totpyk" */ = {
			isa = XCConfigurationList;
			buildConfigurations = (
				90EA694C14AF8AFC00547F20 /* Debug */,
				90EA694D14AF8AFC00547F20 /* Release */,
			);
			defaultConfigurationIsVisible = 0;
			defaultConfigurationName = Release;
		};
		90EA694E14AF8AFC00547F20 /* Build configuration list for PBXNativeTarget "totpykTests" */ = {
			isa = XCConfigurationList;
			buildConfigurations = (
				90EA694F14AF8AFC00547F20 /* Debug */,
				90EA695014AF8AFC00547F20 /* Release */,
			);
			defaultConfigurationIsVisible = 0;
			defaultConfigurationName = Release;
		};
/* End XCConfigurationList section */
	};
	rootObject = 90EA691014AF8AFC00547F20 /* Project object */;
}
